
Microsoft Visual Studio Solution File, Format Version 12.00
# Visual Studio 15
VisualStudioVersion = 15.0.26228.29
MinimumVisualStudioVersion = 10.0.40219.1
Project("{FAE04EC0-301F-11D3-BF4B-00C04F79EFBC}") = "CoreCSharp", "CoreCSharp\CoreCSharp.csproj", "{8EF9497A-B5C8-4119-BE8B-F20AAF42EFFA}"
EndProject
Project("{FAE04EC0-301F-11D3-BF4B-00C04F79EFBC}") = "CSharpSamples", "CSharpSamples\CSharpSamples.csproj", "{07C89641-B9D4-4D2F-97D8-F1A7C55E4BDC}"
EndProject
Project("{FAE04EC0-301F-11D3-BF4B-00C04F79EFBC}") = "UnitTestProject", "UnitTestProject\UnitTestProject.csproj", "{CB2BBD57-B9CF-462F-8523-869F55A8A234}"
EndProject
Project("{FAE04EC0-301F-11D3-BF4B-00C04F79EFBC}") = "MVC_Application", "Vidly\MVC_Application.csproj", "{B7D3AFBA-BD01-490C-8905-FB6F06A49A9B}"
EndProject
Project("{2150E333-8FDC-42A3-9474-1A3956D46DE8}") = "Unit Testing", "Unit Testing", "{2CF7EEA6-422D-4485-B1A2-30B043E660E3}"
EndProject
Project("{FAE04EC0-301F-11D3-BF4B-00C04F79EFBC}") = "TestNinja.UnitTests", "Notes\Unit Testing\Source Code\source-code-completed-1\source-code-completed\TestNinja\TestNinja.UnitTests\TestNinja.UnitTests.csproj", "{4707288D-192A-4225-AB04-42C00A18ACFF}"
EndProject
Project("{FAE04EC0-301F-11D3-BF4B-00C04F79EFBC}") = "TestNinja", "Notes\Unit Testing\Source Code\source-code-completed-1\source-code-completed\TestNinja\TestNinja\TestNinja.csproj", "{7328740E-4B78-464F-8352-65D887F2145F}"
EndProject
Project("{151D2E53-A2C4-4D7D-83FE-D05416EBD58E}") = "WebUIResourceGroup", "AzureResourceGroup\WebUIResourceGroup.deployproj", "{48768DE7-2B6F-40C3-A1F6-1BDC97D80EEE}"
EndProject
Project("{2150E333-8FDC-42A3-9474-1A3956D46DE8}") = "ARM Templates", "ARM Templates", "{AA711787-C5A7-4C33-ABCC-8F263C19D9C8}"
EndProject
Project("{151D2E53-A2C4-4D7D-83FE-D05416EBD58E}") = "NoSqlResourceGroup", "NoSqlResourceGroup\NoSqlResourceGroup.deployproj", "{1AE6ED6B-09C4-4D74-91EA-482A80EC4C63}"
EndProject
Project("{FAE04EC0-301F-11D3-BF4B-00C04F79EFBC}") = "CSharpSamples.Tests", "UnitTestProject\CSharpSamples.Tests.csproj", "{89E12835-2618-40F7-8230-24DF90E43230}"
EndProject
Global
	GlobalSection(SolutionConfigurationPlatforms) = preSolution
		Debug|Any CPU = Debug|Any CPU
		Release|Any CPU = Release|Any CPU
	EndGlobalSection
	GlobalSection(ProjectConfigurationPlatforms) = postSolution
		{8EF9497A-B5C8-4119-BE8B-F20AAF42EFFA}.Debug|Any CPU.ActiveCfg = Debug|Any CPU
		{8EF9497A-B5C8-4119-BE8B-F20AAF42EFFA}.Debug|Any CPU.Build.0 = Debug|Any CPU
		{8EF9497A-B5C8-4119-BE8B-F20AAF42EFFA}.Release|Any CPU.ActiveCfg = Release|Any CPU
		{8EF9497A-B5C8-4119-BE8B-F20AAF42EFFA}.Release|Any CPU.Build.0 = Release|Any CPU
		{07C89641-B9D4-4D2F-97D8-F1A7C55E4BDC}.Debug|Any CPU.ActiveCfg = Debug|Any CPU
		{07C89641-B9D4-4D2F-97D8-F1A7C55E4BDC}.Debug|Any CPU.Build.0 = Debug|Any CPU
		{07C89641-B9D4-4D2F-97D8-F1A7C55E4BDC}.Release|Any CPU.ActiveCfg = Release|Any CPU
		{07C89641-B9D4-4D2F-97D8-F1A7C55E4BDC}.Release|Any CPU.Build.0 = Release|Any CPU
		{CB2BBD57-B9CF-462F-8523-869F55A8A234}.Debug|Any CPU.ActiveCfg = Debug|Any CPU
		{CB2BBD57-B9CF-462F-8523-869F55A8A234}.Debug|Any CPU.Build.0 = Debug|Any CPU
		{CB2BBD57-B9CF-462F-8523-869F55A8A234}.Release|Any CPU.ActiveCfg = Release|Any CPU
		{CB2BBD57-B9CF-462F-8523-869F55A8A234}.Release|Any CPU.Build.0 = Release|Any CPU
		{B7D3AFBA-BD01-490C-8905-FB6F06A49A9B}.Debug|Any CPU.ActiveCfg = Debug|Any CPU
		{B7D3AFBA-BD01-490C-8905-FB6F06A49A9B}.Debug|Any CPU.Build.0 = Debug|Any CPU
		{B7D3AFBA-BD01-490C-8905-FB6F06A49A9B}.Release|Any CPU.ActiveCfg = Release|Any CPU
		{B7D3AFBA-BD01-490C-8905-FB6F06A49A9B}.Release|Any CPU.Build.0 = Release|Any CPU
		{4707288D-192A-4225-AB04-42C00A18ACFF}.Debug|Any CPU.ActiveCfg = Debug|Any CPU
		{4707288D-192A-4225-AB04-42C00A18ACFF}.Debug|Any CPU.Build.0 = Debug|Any CPU
		{4707288D-192A-4225-AB04-42C00A18ACFF}.Release|Any CPU.ActiveCfg = Release|Any CPU
		{4707288D-192A-4225-AB04-42C00A18ACFF}.Release|Any CPU.Build.0 = Release|Any CPU
		{7328740E-4B78-464F-8352-65D887F2145F}.Debug|Any CPU.ActiveCfg = Debug|Any CPU
		{7328740E-4B78-464F-8352-65D887F2145F}.Debug|Any CPU.Build.0 = Debug|Any CPU
		{7328740E-4B78-464F-8352-65D887F2145F}.Release|Any CPU.ActiveCfg = Release|Any CPU
		{7328740E-4B78-464F-8352-65D887F2145F}.Release|Any CPU.Build.0 = Release|Any CPU
		{48768DE7-2B6F-40C3-A1F6-1BDC97D80EEE}.Debug|Any CPU.ActiveCfg = Debug|Any CPU
		{48768DE7-2B6F-40C3-A1F6-1BDC97D80EEE}.Debug|Any CPU.Build.0 = Debug|Any CPU
		{48768DE7-2B6F-40C3-A1F6-1BDC97D80EEE}.Release|Any CPU.ActiveCfg = Release|Any CPU
		{48768DE7-2B6F-40C3-A1F6-1BDC97D80EEE}.Release|Any CPU.Build.0 = Release|Any CPU
		{1AE6ED6B-09C4-4D74-91EA-482A80EC4C63}.Debug|Any CPU.ActiveCfg = Debug|Any CPU
		{1AE6ED6B-09C4-4D74-91EA-482A80EC4C63}.Debug|Any CPU.Build.0 = Debug|Any CPU
		{1AE6ED6B-09C4-4D74-91EA-482A80EC4C63}.Release|Any CPU.ActiveCfg = Release|Any CPU
		{1AE6ED6B-09C4-4D74-91EA-482A80EC4C63}.Release|Any CPU.Build.0 = Release|Any CPU
		{89E12835-2618-40F7-8230-24DF90E43230}.Debug|Any CPU.ActiveCfg = Debug|Any CPU
		{89E12835-2618-40F7-8230-24DF90E43230}.Debug|Any CPU.Build.0 = Debug|Any CPU
		{89E12835-2618-40F7-8230-24DF90E43230}.Release|Any CPU.ActiveCfg = Release|Any CPU
		{89E12835-2618-40F7-8230-24DF90E43230}.Release|Any CPU.Build.0 = Release|Any CPU
	EndGlobalSection
	GlobalSection(SolutionProperties) = preSolution
		HideSolutionNode = FALSE
	EndGlobalSection
	GlobalSection(NestedProjects) = preSolution
		{4707288D-192A-4225-AB04-42C00A18ACFF} = {2CF7EEA6-422D-4485-B1A2-30B043E660E3}
		{7328740E-4B78-464F-8352-65D887F2145F} = {2CF7EEA6-422D-4485-B1A2-30B043E660E3}
		{48768DE7-2B6F-40C3-A1F6-1BDC97D80EEE} = {AA711787-C5A7-4C33-ABCC-8F263C19D9C8}
		{1AE6ED6B-09C4-4D74-91EA-482A80EC4C63} = {AA711787-C5A7-4C33-ABCC-8F263C19D9C8}
	EndGlobalSection
	GlobalSection(ExtensibilityGlobals) = postSolution
		SolutionGuid = {79F1422D-BA29-4488-86A4-926FB6E76BE2}
	EndGlobalSection
EndGlobal
